// !$*UTF8*$!
{
	archiveVersion = 1;
	classes = {
	};
	objectVersion = 56;
	objects = {

/* Begin PBXBuildFile section */
		7495A53929A110CB00EA75E7 /* Factory in Frameworks */ = {isa = PBXBuildFile; productRef = 7495A53829A110CB00EA75E7 /* Factory */; };
		7495A53B29A1126600EA75E7 /* PostsApp+Factory.swift in Sources */ = {isa = PBXBuildFile; fileRef = 7495A53A29A1126600EA75E7 /* PostsApp+Factory.swift */; };
		7495A53C29A1126600EA75E7 /* PostsApp+Factory.swift in Sources */ = {isa = PBXBuildFile; fileRef = 7495A53A29A1126600EA75E7 /* PostsApp+Factory.swift */; };
		7495A53E29A11DF400EA75E7 /* PostTests+Factory.swift in Sources */ = {isa = PBXBuildFile; fileRef = 7495A53D29A11DF400EA75E7 /* PostTests+Factory.swift */; };
		7495A54029A13A8700EA75E7 /* LoginTests.swift in Sources */ = {isa = PBXBuildFile; fileRef = 7495A53F29A13A8700EA75E7 /* LoginTests.swift */; };
		74965D96299CCBB40092412C /* PostsApp.swift in Sources */ = {isa = PBXBuildFile; fileRef = 74965D95299CCBB40092412C /* PostsApp.swift */; };
		74965D98299CCBB40092412C /* FeedView.swift in Sources */ = {isa = PBXBuildFile; fileRef = 74965D97299CCBB40092412C /* FeedView.swift */; };
		74965D9A299CCBB60092412C /* Assets.xcassets in Resources */ = {isa = PBXBuildFile; fileRef = 74965D99299CCBB60092412C /* Assets.xcassets */; };
		74965D9D299CCBB60092412C /* Preview Assets.xcassets in Resources */ = {isa = PBXBuildFile; fileRef = 74965D9C299CCBB60092412C /* Preview Assets.xcassets */; };
		74965DA4299CD25F0092412C /* APIClient.swift in Sources */ = {isa = PBXBuildFile; fileRef = 74965DA3299CD25F0092412C /* APIClient.swift */; };
		74965DB3299CDB6D0092412C /* MockAPIClient.swift in Sources */ = {isa = PBXBuildFile; fileRef = 74965DB2299CDB6D0092412C /* MockAPIClient.swift */; };
		74965DB4299CDBE20092412C /* APIClient.swift in Sources */ = {isa = PBXBuildFile; fileRef = 74965DA3299CD25F0092412C /* APIClient.swift */; };
		74965DB6299CE1400092412C /* FeedViewModel.swift in Sources */ = {isa = PBXBuildFile; fileRef = 74965DB5299CE1400092412C /* FeedViewModel.swift */; };
		7497BF3D29A0F1DA00A7FBF4 /* MockRepository.swift in Sources */ = {isa = PBXBuildFile; fileRef = 7497BF3C29A0F1DA00A7FBF4 /* MockRepository.swift */; };
		7497BF4329A105A900A7FBF4 /* Factory in Frameworks */ = {isa = PBXBuildFile; productRef = 7497BF4229A105A900A7FBF4 /* Factory */; };
		74A464C7299E7D04008AC34E /* PostsViewModel+SwiftUI.swift in Sources */ = {isa = PBXBuildFile; fileRef = 74A464C6299E7D04008AC34E /* PostsViewModel+SwiftUI.swift */; };
		74A464C9299E7DC5008AC34E /* PostView.swift in Sources */ = {isa = PBXBuildFile; fileRef = 74A464C8299E7DC5008AC34E /* PostView.swift */; };
		74A464CB299F9337008AC34E /* FavoritesStorage.swift in Sources */ = {isa = PBXBuildFile; fileRef = 74A464CA299F9337008AC34E /* FavoritesStorage.swift */; };
		74A464CD299FA0E4008AC34E /* PostViewModel.swift in Sources */ = {isa = PBXBuildFile; fileRef = 74A464CC299FA0E4008AC34E /* PostViewModel.swift */; };
		74A464CE299FA0E8008AC34E /* PostViewModel.swift in Sources */ = {isa = PBXBuildFile; fileRef = 74A464CC299FA0E4008AC34E /* PostViewModel.swift */; };
		74A464D0299FEAC3008AC34E /* PostsRepository.swift in Sources */ = {isa = PBXBuildFile; fileRef = 74A464CF299FEAC3008AC34E /* PostsRepository.swift */; };
		74A464D1299FEAC3008AC34E /* PostsRepository.swift in Sources */ = {isa = PBXBuildFile; fileRef = 74A464CF299FEAC3008AC34E /* PostsRepository.swift */; };
		74A464D729A0B042008AC34E /* FavoritesStorage.swift in Sources */ = {isa = PBXBuildFile; fileRef = 74A464CA299F9337008AC34E /* FavoritesStorage.swift */; };
		74E07C93299D1C0B0004764D /* FavoritesTests.swift in Sources */ = {isa = PBXBuildFile; fileRef = 74E07C92299D1C0B0004764D /* FavoritesTests.swift */; };
		74E07C94299D1C100004764D /* FeedViewModel.swift in Sources */ = {isa = PBXBuildFile; fileRef = 74965DB5299CE1400092412C /* FeedViewModel.swift */; };
		74E07C96299D437E0004764D /* StateCollector.swift in Sources */ = {isa = PBXBuildFile; fileRef = 74E07C95299D437E0004764D /* StateCollector.swift */; };
		74E07C97299D45070004764D /* MockAPIClient.swift in Sources */ = {isa = PBXBuildFile; fileRef = 74965DB2299CDB6D0092412C /* MockAPIClient.swift */; };
/* End PBXBuildFile section */

/* Begin PBXFileReference section */
		7495A53A29A1126600EA75E7 /* PostsApp+Factory.swift */ = {isa = PBXFileReference; lastKnownFileType = sourcecode.swift; path = "PostsApp+Factory.swift"; sourceTree = "<group>"; };
		7495A53D29A11DF400EA75E7 /* PostTests+Factory.swift */ = {isa = PBXFileReference; lastKnownFileType = sourcecode.swift; path = "PostTests+Factory.swift"; sourceTree = "<group>"; };
		7495A53F29A13A8700EA75E7 /* LoginTests.swift */ = {isa = PBXFileReference; lastKnownFileType = sourcecode.swift; path = LoginTests.swift; sourceTree = "<group>"; };
		74965D92299CCBB40092412C /* Posts.app */ = {isa = PBXFileReference; explicitFileType = wrapper.application; includeInIndex = 0; path = Posts.app; sourceTree = BUILT_PRODUCTS_DIR; };
		74965D95299CCBB40092412C /* PostsApp.swift */ = {isa = PBXFileReference; lastKnownFileType = sourcecode.swift; path = PostsApp.swift; sourceTree = "<group>"; };
		74965D97299CCBB40092412C /* FeedView.swift */ = {isa = PBXFileReference; lastKnownFileType = sourcecode.swift; path = FeedView.swift; sourceTree = "<group>"; };
		74965D99299CCBB60092412C /* Assets.xcassets */ = {isa = PBXFileReference; lastKnownFileType = folder.assetcatalog; path = Assets.xcassets; sourceTree = "<group>"; };
		74965D9C299CCBB60092412C /* Preview Assets.xcassets */ = {isa = PBXFileReference; lastKnownFileType = folder.assetcatalog; path = "Preview Assets.xcassets"; sourceTree = "<group>"; };
		74965DA3299CD25F0092412C /* APIClient.swift */ = {isa = PBXFileReference; lastKnownFileType = sourcecode.swift; path = APIClient.swift; sourceTree = "<group>"; };
		74965DAB299CD3D10092412C /* PostsTests.xctest */ = {isa = PBXFileReference; explicitFileType = wrapper.cfbundle; includeInIndex = 0; path = PostsTests.xctest; sourceTree = BUILT_PRODUCTS_DIR; };
		74965DB2299CDB6D0092412C /* MockAPIClient.swift */ = {isa = PBXFileReference; lastKnownFileType = sourcecode.swift; path = MockAPIClient.swift; sourceTree = "<group>"; };
		74965DB5299CE1400092412C /* FeedViewModel.swift */ = {isa = PBXFileReference; lastKnownFileType = sourcecode.swift; path = FeedViewModel.swift; sourceTree = "<group>"; };
		7497BF3C29A0F1DA00A7FBF4 /* MockRepository.swift */ = {isa = PBXFileReference; lastKnownFileType = sourcecode.swift; path = MockRepository.swift; sourceTree = "<group>"; };
		74A464C6299E7D04008AC34E /* PostsViewModel+SwiftUI.swift */ = {isa = PBXFileReference; lastKnownFileType = sourcecode.swift; path = "PostsViewModel+SwiftUI.swift"; sourceTree = "<group>"; };
		74A464C8299E7DC5008AC34E /* PostView.swift */ = {isa = PBXFileReference; lastKnownFileType = sourcecode.swift; path = PostView.swift; sourceTree = "<group>"; };
		74A464CA299F9337008AC34E /* FavoritesStorage.swift */ = {isa = PBXFileReference; lastKnownFileType = sourcecode.swift; path = FavoritesStorage.swift; sourceTree = "<group>"; };
		74A464CC299FA0E4008AC34E /* PostViewModel.swift */ = {isa = PBXFileReference; lastKnownFileType = sourcecode.swift; path = PostViewModel.swift; sourceTree = "<group>"; };
		74A464CF299FEAC3008AC34E /* PostsRepository.swift */ = {isa = PBXFileReference; lastKnownFileType = sourcecode.swift; path = PostsRepository.swift; sourceTree = "<group>"; };
		74E07C92299D1C0B0004764D /* FavoritesTests.swift */ = {isa = PBXFileReference; lastKnownFileType = sourcecode.swift; path = FavoritesTests.swift; sourceTree = "<group>"; };
		74E07C95299D437E0004764D /* StateCollector.swift */ = {isa = PBXFileReference; lastKnownFileType = sourcecode.swift; path = StateCollector.swift; sourceTree = "<group>"; };
/* End PBXFileReference section */

/* Begin PBXFrameworksBuildPhase section */
		74965D8F299CCBB40092412C /* Frameworks */ = {
			isa = PBXFrameworksBuildPhase;
			buildActionMask = 2147483647;
			files = (
				7497BF4329A105A900A7FBF4 /* Factory in Frameworks */,
			);
			runOnlyForDeploymentPostprocessing = 0;
		};
		74965DA8299CD3D10092412C /* Frameworks */ = {
			isa = PBXFrameworksBuildPhase;
			buildActionMask = 2147483647;
			files = (
				7495A53929A110CB00EA75E7 /* Factory in Frameworks */,
			);
			runOnlyForDeploymentPostprocessing = 0;
		};
/* End PBXFrameworksBuildPhase section */

/* Begin PBXGroup section */
		74965D89299CCBB40092412C = {
			isa = PBXGroup;
			children = (
				74965D94299CCBB40092412C /* Posts */,
				74965DAC299CD3D10092412C /* PostsTests */,
				74965D93299CCBB40092412C /* Products */,
				7497BF3E29A0F3EE00A7FBF4 /* Frameworks */,
			);
			sourceTree = "<group>";
		};
		74965D93299CCBB40092412C /* Products */ = {
			isa = PBXGroup;
			children = (
				74965D92299CCBB40092412C /* Posts.app */,
				74965DAB299CD3D10092412C /* PostsTests.xctest */,
			);
			name = Products;
			sourceTree = "<group>";
		};
		74965D94299CCBB40092412C /* Posts */ = {
			isa = PBXGroup;
			children = (
				74965D95299CCBB40092412C /* PostsApp.swift */,
				7495A53A29A1126600EA75E7 /* PostsApp+Factory.swift */,
				74A464C8299E7DC5008AC34E /* PostView.swift */,
				74A464CC299FA0E4008AC34E /* PostViewModel.swift */,
				74965D97299CCBB40092412C /* FeedView.swift */,
				74965DB5299CE1400092412C /* FeedViewModel.swift */,
				74A464C6299E7D04008AC34E /* PostsViewModel+SwiftUI.swift */,
				74A464CF299FEAC3008AC34E /* PostsRepository.swift */,
				74A464CA299F9337008AC34E /* FavoritesStorage.swift */,
				74965DA3299CD25F0092412C /* APIClient.swift */,
				74965D99299CCBB60092412C /* Assets.xcassets */,
				74965D9B299CCBB60092412C /* Preview Content */,
			);
			path = Posts;
			sourceTree = "<group>";
		};
		74965D9B299CCBB60092412C /* Preview Content */ = {
			isa = PBXGroup;
			children = (
				74965D9C299CCBB60092412C /* Preview Assets.xcassets */,
			);
			path = "Preview Content";
			sourceTree = "<group>";
		};
		74965DAC299CD3D10092412C /* PostsTests */ = {
			isa = PBXGroup;
			children = (
				74965DB2299CDB6D0092412C /* MockAPIClient.swift */,
				7497BF3C29A0F1DA00A7FBF4 /* MockRepository.swift */,
				74E07C95299D437E0004764D /* StateCollector.swift */,
				74E07C92299D1C0B0004764D /* FavoritesTests.swift */,
				7495A53F29A13A8700EA75E7 /* LoginTests.swift */,
				7495A53D29A11DF400EA75E7 /* PostTests+Factory.swift */,
			);
			path = PostsTests;
			sourceTree = "<group>";
		};
		7497BF3E29A0F3EE00A7FBF4 /* Frameworks */ = {
			isa = PBXGroup;
			children = (
			);
			name = Frameworks;
			sourceTree = "<group>";
		};
/* End PBXGroup section */

/* Begin PBXNativeTarget section */
		74965D91299CCBB40092412C /* Posts */ = {
			isa = PBXNativeTarget;
			buildConfigurationList = 74965DA0299CCBB60092412C /* Build configuration list for PBXNativeTarget "Posts" */;
			buildPhases = (
				74965D8E299CCBB40092412C /* Sources */,
				74965D8F299CCBB40092412C /* Frameworks */,
				74965D90299CCBB40092412C /* Resources */,
			);
			buildRules = (
			);
			dependencies = (
			);
			name = Posts;
			packageProductDependencies = (
				7497BF4229A105A900A7FBF4 /* Factory */,
			);
			productName = Posts;
			productReference = 74965D92299CCBB40092412C /* Posts.app */;
			productType = "com.apple.product-type.application";
		};
		74965DAA299CD3D10092412C /* PostsTests */ = {
			isa = PBXNativeTarget;
			buildConfigurationList = 74965DAF299CD3D10092412C /* Build configuration list for PBXNativeTarget "PostsTests" */;
			buildPhases = (
				74965DA7299CD3D10092412C /* Sources */,
				74965DA8299CD3D10092412C /* Frameworks */,
				74965DA9299CD3D10092412C /* Resources */,
			);
			buildRules = (
			);
			dependencies = (
			);
			name = PostsTests;
			packageProductDependencies = (
				7495A53829A110CB00EA75E7 /* Factory */,
			);
			productName = PostsTests;
			productReference = 74965DAB299CD3D10092412C /* PostsTests.xctest */;
			productType = "com.apple.product-type.bundle.unit-test";
		};
/* End PBXNativeTarget section */

/* Begin PBXProject section */
		74965D8A299CCBB40092412C /* Project object */ = {
			isa = PBXProject;
			attributes = {
				BuildIndependentTargetsInParallel = 1;
				LastSwiftUpdateCheck = 1410;
				LastUpgradeCheck = 1410;
				ORGANIZATIONNAME = "Artem Bartle";
				TargetAttributes = {
					74965D91299CCBB40092412C = {
						CreatedOnToolsVersion = 14.1;
					};
					74965DAA299CD3D10092412C = {
						CreatedOnToolsVersion = 14.1;
					};
				};
			};
			buildConfigurationList = 74965D8D299CCBB40092412C /* Build configuration list for PBXProject "Posts" */;
			compatibilityVersion = "Xcode 14.0";
			developmentRegion = en;
			hasScannedForEncodings = 0;
			knownRegions = (
				en,
				Base,
			);
			mainGroup = 74965D89299CCBB40092412C;
			packageReferences = (
				7497BF4129A105A900A7FBF4 /* XCRemoteSwiftPackageReference "Factory" */,
			);
			productRefGroup = 74965D93299CCBB40092412C /* Products */;
			projectDirPath = "";
			projectRoot = "";
			targets = (
				74965D91299CCBB40092412C /* Posts */,
				74965DAA299CD3D10092412C /* PostsTests */,
			);
		};
/* End PBXProject section */

/* Begin PBXResourcesBuildPhase section */
		74965D90299CCBB40092412C /* Resources */ = {
			isa = PBXResourcesBuildPhase;
			buildActionMask = 2147483647;
			files = (
				74965D9D299CCBB60092412C /* Preview Assets.xcassets in Resources */,
				74965D9A299CCBB60092412C /* Assets.xcassets in Resources */,
			);
			runOnlyForDeploymentPostprocessing = 0;
		};
		74965DA9299CD3D10092412C /* Resources */ = {
			isa = PBXResourcesBuildPhase;
			buildActionMask = 2147483647;
			files = (
			);
			runOnlyForDeploymentPostprocessing = 0;
		};
/* End PBXResourcesBuildPhase section */

/* Begin PBXSourcesBuildPhase section */
		74965D8E299CCBB40092412C /* Sources */ = {
			isa = PBXSourcesBuildPhase;
			buildActionMask = 2147483647;
			files = (
				74A464C9299E7DC5008AC34E /* PostView.swift in Sources */,
				7495A53B29A1126600EA75E7 /* PostsApp+Factory.swift in Sources */,
				74A464CB299F9337008AC34E /* FavoritesStorage.swift in Sources */,
				74965DB6299CE1400092412C /* FeedViewModel.swift in Sources */,
				74965D98299CCBB40092412C /* FeedView.swift in Sources */,
				74965D96299CCBB40092412C /* PostsApp.swift in Sources */,
				74A464D0299FEAC3008AC34E /* PostsRepository.swift in Sources */,
				74965DA4299CD25F0092412C /* APIClient.swift in Sources */,
				74A464CD299FA0E4008AC34E /* PostViewModel.swift in Sources */,
				74A464C7299E7D04008AC34E /* PostsViewModel+SwiftUI.swift in Sources */,
				74E07C97299D45070004764D /* MockAPIClient.swift in Sources */,
			);
			runOnlyForDeploymentPostprocessing = 0;
		};
		74965DA7299CD3D10092412C /* Sources */ = {
			isa = PBXSourcesBuildPhase;
			buildActionMask = 2147483647;
			files = (
				7495A53C29A1126600EA75E7 /* PostsApp+Factory.swift in Sources */,
				74A464D729A0B042008AC34E /* FavoritesStorage.swift in Sources */,
				74A464CE299FA0E8008AC34E /* PostViewModel.swift in Sources */,
				7495A54029A13A8700EA75E7 /* LoginTests.swift in Sources */,
				74E07C93299D1C0B0004764D /* FavoritesTests.swift in Sources */,
				7495A53E29A11DF400EA75E7 /* PostTests+Factory.swift in Sources */,
				74A464D1299FEAC3008AC34E /* PostsRepository.swift in Sources */,
				74E07C94299D1C100004764D /* FeedViewModel.swift in Sources */,
				74E07C96299D437E0004764D /* StateCollector.swift in Sources */,
				7497BF3D29A0F1DA00A7FBF4 /* MockRepository.swift in Sources */,
				74965DB3299CDB6D0092412C /* MockAPIClient.swift in Sources */,
				74965DB4299CDBE20092412C /* APIClient.swift in Sources */,
			);
			runOnlyForDeploymentPostprocessing = 0;
		};
/* End PBXSourcesBuildPhase section */

/* Begin XCBuildConfiguration section */
		74965D9E299CCBB60092412C /* Debug */ = {
			isa = XCBuildConfiguration;
			buildSettings = {
				ALWAYS_SEARCH_USER_PATHS = NO;
				CLANG_ANALYZER_NONNULL = YES;
				CLANG_ANALYZER_NUMBER_OBJECT_CONVERSION = YES_AGGRESSIVE;
				CLANG_CXX_LANGUAGE_STANDARD = "gnu++20";
				CLANG_ENABLE_MODULES = YES;
				CLANG_ENABLE_OBJC_ARC = YES;
				CLANG_ENABLE_OBJC_WEAK = YES;
				CLANG_WARN_BLOCK_CAPTURE_AUTORELEASING = YES;
				CLANG_WARN_BOOL_CONVERSION = YES;
				CLANG_WARN_COMMA = YES;
				CLANG_WARN_CONSTANT_CONVERSION = YES;
				CLANG_WARN_DEPRECATED_OBJC_IMPLEMENTATIONS = YES;
				CLANG_WARN_DIRECT_OBJC_ISA_USAGE = YES_ERROR;
				CLANG_WARN_DOCUMENTATION_COMMENTS = YES;
				CLANG_WARN_EMPTY_BODY = YES;
				CLANG_WARN_ENUM_CONVERSION = YES;
				CLANG_WARN_INFINITE_RECURSION = YES;
				CLANG_WARN_INT_CONVERSION = YES;
				CLANG_WARN_NON_LITERAL_NULL_CONVERSION = YES;
				CLANG_WARN_OBJC_IMPLICIT_RETAIN_SELF = YES;
				CLANG_WARN_OBJC_LITERAL_CONVERSION = YES;
				CLANG_WARN_OBJC_ROOT_CLASS = YES_ERROR;
				CLANG_WARN_QUOTED_INCLUDE_IN_FRAMEWORK_HEADER = YES;
				CLANG_WARN_RANGE_LOOP_ANALYSIS = YES;
				CLANG_WARN_STRICT_PROTOTYPES = YES;
				CLANG_WARN_SUSPICIOUS_MOVE = YES;
				CLANG_WARN_UNGUARDED_AVAILABILITY = YES_AGGRESSIVE;
				CLANG_WARN_UNREACHABLE_CODE = YES;
				CLANG_WARN__DUPLICATE_METHOD_MATCH = YES;
				COPY_PHASE_STRIP = NO;
				DEBUG_INFORMATION_FORMAT = dwarf;
				ENABLE_STRICT_OBJC_MSGSEND = YES;
				ENABLE_TESTABILITY = YES;
				GCC_C_LANGUAGE_STANDARD = gnu11;
				GCC_DYNAMIC_NO_PIC = NO;
				GCC_NO_COMMON_BLOCKS = YES;
				GCC_OPTIMIZATION_LEVEL = 0;
				GCC_PREPROCESSOR_DEFINITIONS = (
					"DEBUG=1",
					"$(inherited)",
				);
				GCC_WARN_64_TO_32_BIT_CONVERSION = YES;
				GCC_WARN_ABOUT_RETURN_TYPE = YES_ERROR;
				GCC_WARN_UNDECLARED_SELECTOR = YES;
				GCC_WARN_UNINITIALIZED_AUTOS = YES_AGGRESSIVE;
				GCC_WARN_UNUSED_FUNCTION = YES;
				GCC_WARN_UNUSED_VARIABLE = YES;
				IPHONEOS_DEPLOYMENT_TARGET = 16.1;
				MTL_ENABLE_DEBUG_INFO = INCLUDE_SOURCE;
				MTL_FAST_MATH = YES;
				ONLY_ACTIVE_ARCH = YES;
				SDKROOT = iphoneos;
				SWIFT_ACTIVE_COMPILATION_CONDITIONS = DEBUG;
				SWIFT_OPTIMIZATION_LEVEL = "-Onone";
			};
			name = Debug;
		};
		74965D9F299CCBB60092412C /* Release */ = {
			isa = XCBuildConfiguration;
			buildSettings = {
				ALWAYS_SEARCH_USER_PATHS = NO;
				CLANG_ANALYZER_NONNULL = YES;
				CLANG_ANALYZER_NUMBER_OBJECT_CONVERSION = YES_AGGRESSIVE;
				CLANG_CXX_LANGUAGE_STANDARD = "gnu++20";
				CLANG_ENABLE_MODULES = YES;
				CLANG_ENABLE_OBJC_ARC = YES;
				CLANG_ENABLE_OBJC_WEAK = YES;
				CLANG_WARN_BLOCK_CAPTURE_AUTORELEASING = YES;
				CLANG_WARN_BOOL_CONVERSION = YES;
				CLANG_WARN_COMMA = YES;
				CLANG_WARN_CONSTANT_CONVERSION = YES;
				CLANG_WARN_DEPRECATED_OBJC_IMPLEMENTATIONS = YES;
				CLANG_WARN_DIRECT_OBJC_ISA_USAGE = YES_ERROR;
				CLANG_WARN_DOCUMENTATION_COMMENTS = YES;
				CLANG_WARN_EMPTY_BODY = YES;
				CLANG_WARN_ENUM_CONVERSION = YES;
				CLANG_WARN_INFINITE_RECURSION = YES;
				CLANG_WARN_INT_CONVERSION = YES;
				CLANG_WARN_NON_LITERAL_NULL_CONVERSION = YES;
				CLANG_WARN_OBJC_IMPLICIT_RETAIN_SELF = YES;
				CLANG_WARN_OBJC_LITERAL_CONVERSION = YES;
				CLANG_WARN_OBJC_ROOT_CLASS = YES_ERROR;
				CLANG_WARN_QUOTED_INCLUDE_IN_FRAMEWORK_HEADER = YES;
				CLANG_WARN_RANGE_LOOP_ANALYSIS = YES;
				CLANG_WARN_STRICT_PROTOTYPES = YES;
				CLANG_WARN_SUSPICIOUS_MOVE = YES;
				CLANG_WARN_UNGUARDED_AVAILABILITY = YES_AGGRESSIVE;
				CLANG_WARN_UNREACHABLE_CODE = YES;
				CLANG_WARN__DUPLICATE_METHOD_MATCH = YES;
				COPY_PHASE_STRIP = NO;
				DEBUG_INFORMATION_FORMAT = "dwarf-with-dsym";
				ENABLE_NS_ASSERTIONS = NO;
				ENABLE_STRICT_OBJC_MSGSEND = YES;
				GCC_C_LANGUAGE_STANDARD = gnu11;
				GCC_NO_COMMON_BLOCKS = YES;
				GCC_WARN_64_TO_32_BIT_CONVERSION = YES;
				GCC_WARN_ABOUT_RETURN_TYPE = YES_ERROR;
				GCC_WARN_UNDECLARED_SELECTOR = YES;
				GCC_WARN_UNINITIALIZED_AUTOS = YES_AGGRESSIVE;
				GCC_WARN_UNUSED_FUNCTION = YES;
				GCC_WARN_UNUSED_VARIABLE = YES;
				IPHONEOS_DEPLOYMENT_TARGET = 16.1;
				MTL_ENABLE_DEBUG_INFO = NO;
				MTL_FAST_MATH = YES;
				SDKROOT = iphoneos;
				SWIFT_COMPILATION_MODE = wholemodule;
				SWIFT_OPTIMIZATION_LEVEL = "-O";
				VALIDATE_PRODUCT = YES;
			};
			name = Release;
		};
		74965DA1299CCBB60092412C /* Debug */ = {
			isa = XCBuildConfiguration;
			buildSettings = {
				ASSETCATALOG_COMPILER_APPICON_NAME = AppIcon;
				ASSETCATALOG_COMPILER_GLOBAL_ACCENT_COLOR_NAME = AccentColor;
				CODE_SIGN_STYLE = Automatic;
				CURRENT_PROJECT_VERSION = 1;
				DEVELOPMENT_ASSET_PATHS = "\"Posts/Preview Content\"";
				DEVELOPMENT_TEAM = 35YF6A38VT;
				ENABLE_PREVIEWS = YES;
				GENERATE_INFOPLIST_FILE = YES;
				INFOPLIST_KEY_UIApplicationSceneManifest_Generation = YES;
				INFOPLIST_KEY_UIApplicationSupportsIndirectInputEvents = YES;
				INFOPLIST_KEY_UILaunchScreen_Generation = YES;
				INFOPLIST_KEY_UISupportedInterfaceOrientations_iPad = "UIInterfaceOrientationPortrait UIInterfaceOrientationPortraitUpsideDown UIInterfaceOrientationLandscapeLeft UIInterfaceOrientationLandscapeRight";
				INFOPLIST_KEY_UISupportedInterfaceOrientations_iPhone = "UIInterfaceOrientationPortrait UIInterfaceOrientationLandscapeLeft UIInterfaceOrientationLandscapeRight";
				LD_RUNPATH_SEARCH_PATHS = (
					"$(inherited)",
					"@executable_path/Frameworks",
				);
				MARKETING_VERSION = 1.0;
				PRODUCT_BUNDLE_IDENTIFIER = com.bartle.Posts;
				PRODUCT_NAME = "$(TARGET_NAME)";
				SWIFT_EMIT_LOC_STRINGS = YES;
				SWIFT_VERSION = 5.0;
				TARGETED_DEVICE_FAMILY = "1,2";
			};
			name = Debug;
		};
		74965DA2299CCBB60092412C /* Release */ = {
			isa = XCBuildConfiguration;
			buildSettings = {
				ASSETCATALOG_COMPILER_APPICON_NAME = AppIcon;
				ASSETCATALOG_COMPILER_GLOBAL_ACCENT_COLOR_NAME = AccentColor;
				CODE_SIGN_STYLE = Automatic;
				CURRENT_PROJECT_VERSION = 1;
				DEVELOPMENT_ASSET_PATHS = "\"Posts/Preview Content\"";
				DEVELOPMENT_TEAM = 35YF6A38VT;
				ENABLE_PREVIEWS = YES;
				GENERATE_INFOPLIST_FILE = YES;
				INFOPLIST_KEY_UIApplicationSceneManifest_Generation = YES;
				INFOPLIST_KEY_UIApplicationSupportsIndirectInputEvents = YES;
				INFOPLIST_KEY_UILaunchScreen_Generation = YES;
				INFOPLIST_KEY_UISupportedInterfaceOrientations_iPad = "UIInterfaceOrientationPortrait UIInterfaceOrientationPortraitUpsideDown UIInterfaceOrientationLandscapeLeft UIInterfaceOrientationLandscapeRight";
				INFOPLIST_KEY_UISupportedInterfaceOrientations_iPhone = "UIInterfaceOrientationPortrait UIInterfaceOrientationLandscapeLeft UIInterfaceOrientationLandscapeRight";
				LD_RUNPATH_SEARCH_PATHS = (
					"$(inherited)",
					"@executable_path/Frameworks",
				);
				MARKETING_VERSION = 1.0;
				PRODUCT_BUNDLE_IDENTIFIER = com.bartle.Posts;
				PRODUCT_NAME = "$(TARGET_NAME)";
				SWIFT_EMIT_LOC_STRINGS = YES;
				SWIFT_VERSION = 5.0;
				TARGETED_DEVICE_FAMILY = "1,2";
			};
			name = Release;
		};
		74965DB0299CD3D10092412C /* Debug */ = {
			isa = XCBuildConfiguration;
			buildSettings = {
				CODE_SIGN_STYLE = Automatic;
				CURRENT_PROJECT_VERSION = 1;
				DEVELOPMENT_TEAM = 35YF6A38VT;
				GENERATE_INFOPLIST_FILE = YES;
				MARKETING_VERSION = 1.0;
				PRODUCT_BUNDLE_IDENTIFIER = com.bartle.PostsTests;
				PRODUCT_NAME = "$(TARGET_NAME)";
				SWIFT_EMIT_LOC_STRINGS = NO;
				SWIFT_VERSION = 5.0;
				TARGETED_DEVICE_FAMILY = "1,2";
			};
			name = Debug;
		};
		74965DB1299CD3D10092412C /* Release */ = {
			isa = XCBuildConfiguration;
			buildSettings = {
				CODE_SIGN_STYLE = Automatic;
				CURRENT_PROJECT_VERSION = 1;
				DEVELOPMENT_TEAM = 35YF6A38VT;
				GENERATE_INFOPLIST_FILE = YES;
				MARKETING_VERSION = 1.0;
				PRODUCT_BUNDLE_IDENTIFIER = com.bartle.PostsTests;
				PRODUCT_NAME = "$(TARGET_NAME)";
				SWIFT_EMIT_LOC_STRINGS = NO;
				SWIFT_VERSION = 5.0;
				TARGETED_DEVICE_FAMILY = "1,2";
			};
			name = Release;
		};
/* End XCBuildConfiguration section */

/* Begin XCConfigurationList section */
		74965D8D299CCBB40092412C /* Build configuration list for PBXProject "Posts" */ = {
			isa = XCConfigurationList;
			buildConfigurations = (
				74965D9E299CCBB60092412C /* Debug */,
				74965D9F299CCBB60092412C /* Release */,
			);
			defaultConfigurationIsVisible = 0;
			defaultConfigurationName = Release;
		};
		74965DA0299CCBB60092412C /* Build configuration list for PBXNativeTarget "Posts" */ = {
			isa = XCConfigurationList;
			buildConfigurations = (
				74965DA1299CCBB60092412C /* Debug */,
				74965DA2299CCBB60092412C /* Release */,
			);
			defaultConfigurationIsVisible = 0;
			defaultConfigurationName = Release;
		};
		74965DAF299CD3D10092412C /* Build configuration list for PBXNativeTarget "PostsTests" */ = {
			isa = XCConfigurationList;
			buildConfigurations = (
				74965DB0299CD3D10092412C /* Debug */,
				74965DB1299CD3D10092412C /* Release */,
			);
			defaultConfigurationIsVisible = 0;
			defaultConfigurationName = Release;
		};
/* End XCConfigurationList section */

/* Begin XCRemoteSwiftPackageReference section */
		7497BF4129A105A900A7FBF4 /* XCRemoteSwiftPackageReference "Factory" */ = {
			isa = XCRemoteSwiftPackageReference;
			repositoryURL = "https://github.com/hmlongco/Factory";
			requirement = {
				kind = upToNextMajorVersion;
				minimumVersion = 1.0.0;
			};
		};
/* End XCRemoteSwiftPackageReference section */

/* Begin XCSwiftPackageProductDependency section */
		7495A53829A110CB00EA75E7 /* Factory */ = {
			isa = XCSwiftPackageProductDependency;
			package = 7497BF4129A105A900A7FBF4 /* XCRemoteSwiftPackageReference "Factory" */;
			productName = Factory;
		};
		7497BF4229A105A900A7FBF4 /* Factory */ = {
			isa = XCSwiftPackageProductDependency;
			package = 7497BF4129A105A900A7FBF4 /* XCRemoteSwiftPackageReference "Factory" */;
			productName = Factory;
		};
/* End XCSwiftPackageProductDependency section */
	};
	rootObject = 74965D8A299CCBB40092412C /* Project object */;
}
